
Microsoft Visual Studio Solution File, Format Version 12.00
# Visual Studio 15
Project("{FAE04EC0-301F-11D3-BF4B-00C04F79EFBC}") = "CodeGraph.Editor", "CodeGraph.Editor.csproj", "{72CC5A90-3BBD-4B60-AC1B-70430E3EC77E}"
EndProject
Project("{FAE04EC0-301F-11D3-BF4B-00C04F79EFBC}") = "CodeGraph", "CodeGraph.csproj", "{831CE346-25A8-CF1B-8369-418ED2236348}"
EndProject
Global
	GlobalSection(SolutionConfigurationPlatforms) = preSolution
		Debug|Any CPU = Debug|Any CPU
		Release|Any CPU = Release|Any CPU
	EndGlobalSection
	GlobalSection(ProjectConfigurationPlatforms) = postSolution
		{72CC5A90-3BBD-4B60-AC1B-70430E3EC77E}.Debug|Any CPU.ActiveCfg = Debug|Any CPU
		{72CC5A90-3BBD-4B60-AC1B-70430E3EC77E}.Debug|Any CPU.Build.0 = Debug|Any CPU
		{72CC5A90-3BBD-4B60-AC1B-70430E3EC77E}.Release|Any CPU.ActiveCfg = Release|Any CPU
		{72CC5A90-3BBD-4B60-AC1B-70430E3EC77E}.Release|Any CPU.Build.0 = Release|Any CPU
		{831CE346-25A8-CF1B-8369-418ED2236348}.Debug|Any CPU.ActiveCfg = Debug|Any CPU
		{831CE346-25A8-CF1B-8369-418ED2236348}.Debug|Any CPU.Build.0 = Debug|Any CPU
		{831CE346-25A8-CF1B-8369-418ED2236348}.Release|Any CPU.ActiveCfg = Release|Any CPU
		{831CE346-25A8-CF1B-8369-418ED2236348}.Release|Any CPU.Build.0 = Release|Any CPU
	EndGlobalSection
	GlobalSection(SolutionProperties) = preSolution
		HideSolutionNode = FALSE
	EndGlobalSection
EndGlobal
